
Microsoft Visual Studio Solution File, Format Version 12.00
# Visual Studio 15
VisualStudioVersion = 15.0.27428.2037
MinimumVisualStudioVersion = 10.0.40219.1
Project("{FAE04EC0-301F-11D3-BF4B-00C04F79EFBC}") = "DesignPatterns", "DesignPatterns\DesignPatterns.csproj", "{3D358E37-DF82-4759-9FFD-F33207EE1B75}"
EndProject
Global
	GlobalSection(SolutionConfigurationPlatforms) = preSolution
		Debug|Any CPU = Debug|Any CPU
		Release|Any CPU = Release|Any CPU
	EndGlobalSection
	GlobalSection(ProjectConfigurationPlatforms) = postSolution
		{3D358E37-DF82-4759-9FFD-F33207EE1B75}.Debug|Any CPU.ActiveCfg = Debug|Any CPU
		{3D358E37-DF82-4759-9FFD-F33207EE1B75}.Debug|Any CPU.Build.0 = Debug|Any CPU
		{3D358E37-DF82-4759-9FFD-F33207EE1B75}.Release|Any CPU.ActiveCfg = Release|Any CPU
		{3D358E37-DF82-4759-9FFD-F33207EE1B75}.Release|Any CPU.Build.0 = Release|Any CPU
	EndGlobalSection
	GlobalSection(SolutionProperties) = preSolution
		HideSolutionNode = FALSE
	EndGlobalSection
	GlobalSection(ExtensibilityGlobals) = postSolution
		SolutionGuid = {F059860D-D133-4BE2-99E2-32BD040480DC}
	EndGlobalSection
EndGlobal
